
Microsoft Visual Studio Solution File, Format Version 12.00
Project("{FAE04EC0-301F-11D3-BF4B-00C04F79EFBC}") = "TEST", "TEST.csproj", "{E84A0695-9D8E-444B-9D5E-60F41E0DB4BE}"
EndProject
Global
	GlobalSection(SolutionConfigurationPlatforms) = preSolution
		Debug|Any CPU = Debug|Any CPU
		Release|Any CPU = Release|Any CPU
	EndGlobalSection
	GlobalSection(ProjectConfigurationPlatforms) = postSolution
		{E84A0695-9D8E-444B-9D5E-60F41E0DB4BE}.Debug|Any CPU.ActiveCfg = Debug|Any CPU
		{E84A0695-9D8E-444B-9D5E-60F41E0DB4BE}.Debug|Any CPU.Build.0 = Debug|Any CPU
		{E84A0695-9D8E-444B-9D5E-60F41E0DB4BE}.Release|Any CPU.ActiveCfg = Release|Any CPU
		{E84A0695-9D8E-444B-9D5E-60F41E0DB4BE}.Release|Any CPU.Build.0 = Release|Any CPU
	EndGlobalSection
EndGlobal
